{
  "name": "caniuse-xx",
  "version": "1.0.4",
  "lockfileVersion": 1,
  "requires": true,
  "dependencies": {
    "@types/color-name": {
      "version": "1.1.1",
      "resolved": "https://registry.npmjs.org/@types/color-name/-/color-name-1.1.1.tgz",
      "integrity": "sha512-rr+OQyAjxze7GgWrSaJwydHStIhHq2lvY3BOC2Mj7KnzI7XK0Uw1TOOdI9lDoajEbSWLiYgoo4f1R51erQfhPQ=="
    },
    "ansi-align": {
      "version": "3.0.0",
      "resolved": "http://npm.cmbi.info:80/ansi-align/-/ansi-align-3.0.0.tgz",
      "integrity": "sha1-tTazcc9ofKrvI2wY0+If43l0Z8s=",
      "requires": {
        "string-width": "^3.0.0"
      }
    },
    "ansi-colors": {
      "version": "4.1.1",
      "resolved": "http://npm.cmbi.info:80/ansi-colors/-/ansi-colors-4.1.1.tgz",
      "integrity": "sha1-y7muJWv3UK8eqzRPIpqif+lLo0g="
    },
    "ansi-escapes": {
      "version": "4.3.1",
      "resolved": "https://registry.npmjs.org/ansi-escapes/-/ansi-escapes-4.3.1.tgz",
      "integrity": "sha512-JWF7ocqNrp8u9oqpgV+wH5ftbt+cfvv+PTjOvKLT3AdYly/LmORARfEVT1iyjwN+4MqE5UmVKoAdIBqeoCHgLA==",
      "requires": {
        "type-fest": "^0.11.0"
      }
    },
    "ansi-regex": {
      "version": "4.1.0",
      "resolved": "http://npm.cmbi.info:80/ansi-regex/-/ansi-regex-4.1.0.tgz",
      "integrity": "sha1-i5+PCM8ay4Q3Vqg5yox+MWjFGZc="
    },
    "ansi-styles": {
      "version": "4.2.1",
      "resolved": "https://registry.npmjs.org/ansi-styles/-/ansi-styles-4.2.1.tgz",
      "integrity": "sha512-9VGjrMsG1vePxcSweQsN20KY/c4zN0h9fLjqAbwbPfahM3t+NL+M9HC8xeXG2I8pX5NoamTGNuomEUFI7fcUjA==",
      "requires": {
        "@types/color-name": "^1.1.1",
        "color-convert": "^2.0.1"
      }
    },
    "any-promise": {
      "version": "1.3.0",
      "resolved": "https://registry.npmjs.org/any-promise/-/any-promise-1.3.0.tgz",
      "integrity": "sha1-q8av7tzqUugJzcA3au0845Y10X8="
    },
    "arity-n": {
      "version": "1.0.4",
      "resolved": "https://registry.npmjs.org/arity-n/-/arity-n-1.0.4.tgz",
      "integrity": "sha1-2edrEXM+CFacCEeuezmyhgswt0U="
    },
    "at-least-node": {
      "version": "1.0.0",
      "resolved": "https://registry.npmjs.org/at-least-node/-/at-least-node-1.0.0.tgz",
      "integrity": "sha512-+q/t7Ekv1EDY2l6Gda6LLiX14rU9TV20Wa3ofeQmwPFZbOMo9DXrLbOjFaaclkXKWidIaopwAObQDqwWtGUjqg=="
    },
    "boxen": {
      "version": "github:horosgrisa/fieldset#c4edde7878975a33e927a8708fb8a8b692edbd5e",
      "from": "github:horosgrisa/fieldset",
      "requires": {
        "ansi-align": "^3.0.0",
        "camelcase": "^5.3.1",
        "chalk": "^2.4.2",
        "cli-boxes": "^2.2.0",
        "string-width": "^4.1.0",
        "term-size": "^2.1.0",
        "type-fest": "^0.6.0",
        "widest-line": "^3.1.0"
      },
      "dependencies": {
        "ansi-regex": {
          "version": "5.0.0",
          "resolved": "http://npm.cmbi.info:80/ansi-regex/-/ansi-regex-5.0.0.tgz",
          "integrity": "sha1-OIU59VF5vzkznIGvMKZU1p+Hy3U="
        },
        "ansi-styles": {
          "version": "3.2.1",
          "resolved": "http://npm.cmbi.info:80/ansi-styles/-/ansi-styles-3.2.1.tgz",
          "integrity": "sha1-QfuyAkPlCxK+DwS43tvwdSDOhB0=",
          "requires": {
            "color-convert": "^1.9.0"
          }
        },
        "chalk": {
          "version": "2.4.2",
          "resolved": "http://npm.cmbi.info:80/chalk/-/chalk-2.4.2.tgz",
          "integrity": "sha1-zUJUFnelQzPPVBpJEIwUMrRMlCQ=",
          "requires": {
            "ansi-styles": "^3.2.1",
            "escape-string-regexp": "^1.0.5",
            "supports-color": "^5.3.0"
          }
        },
        "color-convert": {
          "version": "1.9.3",
          "resolved": "http://npm.cmbi.info:80/color-convert/-/color-convert-1.9.3.tgz",
          "integrity": "sha1-u3GFBpDh8TZWfeYp0tVHHe2kweg=",
          "requires": {
            "color-name": "1.1.3"
          }
        },
        "color-name": {
          "version": "1.1.3",
          "resolved": "https://registry.npmjs.org/color-name/-/color-name-1.1.3.tgz",
          "integrity": "sha1-p9BVi9icQveV3UIyj3QIMcpTvCU="
        },
        "emoji-regex": {
          "version": "8.0.0",
          "resolved": "http://npm.cmbi.info:80/emoji-regex/-/emoji-regex-8.0.0.tgz",
          "integrity": "sha1-6Bj9ac5cz8tARZT4QpY79TFkzDc="
        },
        "has-flag": {
          "version": "3.0.0",
          "resolved": "https://registry.npmjs.org/has-flag/-/has-flag-3.0.0.tgz",
          "integrity": "sha1-tdRU3CGZriJWmfNGfloH87lVuv0="
        },
        "is-fullwidth-code-point": {
          "version": "3.0.0",
          "resolved": "http://npm.cmbi.info:80/is-fullwidth-code-point/-/is-fullwidth-code-point-3.0.0.tgz",
          "integrity": "sha1-8Rb4Bk/pCz94RKOJl8C3UFEmnx0="
        },
        "string-width": {
          "version": "4.2.0",
          "resolved": "http://npm.cmbi.info:80/string-width/-/string-width-4.2.0.tgz",
          "integrity": "sha1-lSGCxGzHssMT0VluYjmSvRY7crU=",
          "requires": {
            "emoji-regex": "^8.0.0",
            "is-fullwidth-code-point": "^3.0.0",
            "strip-ansi": "^6.0.0"
          }
        },
        "strip-ansi": {
          "version": "6.0.0",
          "resolved": "http://npm.cmbi.info:80/strip-ansi/-/strip-ansi-6.0.0.tgz",
          "integrity": "sha1-CxVx3XZpzNTz4G4U7x7tJiJa5TI=",
          "requires": {
            "ansi-regex": "^5.0.0"
          }
        },
        "supports-color": {
          "version": "5.5.0",
          "resolved": "http://npm.cmbi.info:80/supports-color/-/supports-color-5.5.0.tgz",
          "integrity": "sha1-4uaaRKyHcveKHsCzW2id9lMO/I8=",
          "requires": {
            "has-flag": "^3.0.0"
          }
        },
        "type-fest": {
          "version": "0.6.0",
          "resolved": "http://npm.cmbi.info:80/type-fest/-/type-fest-0.6.0.tgz",
          "integrity": "sha1-jSojcNPfiG61yQraHFv2GIrPg4s="
        }
      }
    },
    "buffer-from": {
      "version": "1.1.1",
      "resolved": "http://npm.cmbi.info:80/buffer-from/-/buffer-from-1.1.1.tgz",
      "integrity": "sha1-MnE7wCj3XAL9txDXx7zsHyxgcO8="
    },
    "camelcase": {
      "version": "5.3.1",
      "resolved": "http://npm.cmbi.info:80/camelcase/-/camelcase-5.3.1.tgz",
      "integrity": "sha1-48mzFWnhBoEd8kL3FXJaH0xJQyA="
    },
    "caniuse-db": {
      "version": "1.0.30001046",
      "resolved": "http://npm.cmbi.info:80/caniuse-db/-/caniuse-db-1.0.30001046.tgz",
      "integrity": "sha1-ovaRUKw92+8kcd7g2k+kCF14OB4="
    },
    "chalk": {
      "version": "4.0.0",
      "resolved": "https://registry.npmjs.org/chalk/-/chalk-4.0.0.tgz",
      "integrity": "sha512-N9oWFcegS0sFr9oh1oz2d7Npos6vNoWW9HvtCg5N1KRFpUhaAhvTv5Y58g880fZaEYSNm3qDz8SU1UrGvp+n7A==",
      "requires": {
        "ansi-styles": "^4.1.0",
        "supports-color": "^7.1.0"
      }
    },
    "chardet": {
      "version": "0.7.0",
      "resolved": "https://registry.npmjs.org/chardet/-/chardet-0.7.0.tgz",
      "integrity": "sha512-mT8iDcrh03qDGRRmoA2hmBJnxpllMR+0/0qlzjqZES6NdiWDcZkCNAk4rPFZ9Q85r27unkiNNg8ZOiwZXBHwcA=="
    },
    "cli-boxes": {
      "version": "2.2.0",
      "resolved": "http://npm.cmbi.info:80/cli-boxes/-/cli-boxes-2.2.0.tgz",
      "integrity": "sha1-U47K6PnGylCOPDyVtFP+k8tMFo0="
    },
    "cli-cursor": {
      "version": "3.1.0",
      "resolved": "https://registry.npmjs.org/cli-cursor/-/cli-cursor-3.1.0.tgz",
      "integrity": "sha512-I/zHAwsKf9FqGoXM4WWRACob9+SNukZTd94DWF57E4toouRulbCxcUh6RKUEOQlYTHJnzkPMySvPNaaSLNfLZw==",
      "requires": {
        "restore-cursor": "^3.1.0"
      }
    },
    "cli-highlight": {
      "version": "2.1.4",
      "resolved": "http://npm.cmbi.info:80/cli-highlight/-/cli-highlight-2.1.4.tgz",
      "integrity": "sha1-CYy2Qs8X9CrcHBFF4H+WDsTXUis=",
      "requires": {
        "chalk": "^3.0.0",
        "highlight.js": "^9.6.0",
        "mz": "^2.4.0",
        "parse5": "^5.1.1",
        "parse5-htmlparser2-tree-adapter": "^5.1.1",
        "yargs": "^15.0.0"
      },
      "dependencies": {
        "chalk": {
          "version": "3.0.0",
          "resolved": "http://npm.cmbi.info:80/chalk/-/chalk-3.0.0.tgz",
          "integrity": "sha1-P3PCv1JlkfV0zEksUeJFY0n4ROQ=",
          "requires": {
            "ansi-styles": "^4.1.0",
            "supports-color": "^7.1.0"
          }
        },
        "parse5": {
          "version": "5.1.1",
          "resolved": "http://npm.cmbi.info:80/parse5/-/parse5-5.1.1.tgz",
          "integrity": "sha1-9o5OW6GFKsLK3AD0VV//bCq7YXg="
        }
      }
    },
    "cli-html": {
      "version": "1.8.0",
      "resolved": "http://npm.cmbi.info:80/cli-html/-/cli-html-1.8.0.tgz",
      "integrity": "sha1-qZMW2F7YjuUHYa2dmz7+2/sfdAw=",
      "requires": {
        "ansi-align": "^3.0.0",
        "ansi-colors": "^4.1.1",
        "ansi-escapes": "^4.3.1",
        "boxen": "github:horosgrisa/fieldset",
        "cli-highlight": "^2.1.4",
        "cli-table3": "^0.6.0",
        "compose-function": "^3.0.3",
        "concat-stream": "^2.0.0",
        "fieldset": "github:horosgrisa/fieldset",
        "he": "^1.2.0",
        "languages-aliases": "^2.0.5",
        "longest-line": "0.0.3",
        "normalize-html-whitespace": "^1.0.0",
        "number-to-alphabet": "^1.0.0",
        "parse5": "^6.0.0",
        "romanize": "^1.1.1",
        "supports-hyperlinks": "^2.1.0",
        "wrap-ansi": "^7.0.0"
      }
    },
    "cli-spinners": {
      "version": "2.3.0",
      "resolved": "https://registry.npmjs.org/cli-spinners/-/cli-spinners-2.3.0.tgz",
      "integrity": "sha512-Xs2Hf2nzrvJMFKimOR7YR0QwZ8fc0u98kdtwN1eNAZzNQgH3vK2pXzff6GJtKh7S5hoJ87ECiAiZFS2fb5Ii2w=="
    },
    "cli-table3": {
      "version": "0.6.0",
      "resolved": "http://npm.cmbi.info:80/cli-table3/-/cli-table3-0.6.0.tgz",
      "integrity": "sha1-t7G8ZcqOe1zvkSThPcKyHizk+u4=",
      "requires": {
        "colors": "^1.1.2",
        "object-assign": "^4.1.0",
        "string-width": "^4.2.0"
      },
      "dependencies": {
        "ansi-regex": {
          "version": "5.0.0",
          "resolved": "http://npm.cmbi.info:80/ansi-regex/-/ansi-regex-5.0.0.tgz",
          "integrity": "sha1-OIU59VF5vzkznIGvMKZU1p+Hy3U="
        },
        "emoji-regex": {
          "version": "8.0.0",
          "resolved": "http://npm.cmbi.info:80/emoji-regex/-/emoji-regex-8.0.0.tgz",
          "integrity": "sha1-6Bj9ac5cz8tARZT4QpY79TFkzDc="
        },
        "is-fullwidth-code-point": {
          "version": "3.0.0",
          "resolved": "http://npm.cmbi.info:80/is-fullwidth-code-point/-/is-fullwidth-code-point-3.0.0.tgz",
          "integrity": "sha1-8Rb4Bk/pCz94RKOJl8C3UFEmnx0="
        },
        "string-width": {
          "version": "4.2.0",
          "resolved": "http://npm.cmbi.info:80/string-width/-/string-width-4.2.0.tgz",
          "integrity": "sha1-lSGCxGzHssMT0VluYjmSvRY7crU=",
          "requires": {
            "emoji-regex": "^8.0.0",
            "is-fullwidth-code-point": "^3.0.0",
            "strip-ansi": "^6.0.0"
          }
        },
        "strip-ansi": {
          "version": "6.0.0",
          "resolved": "http://npm.cmbi.info:80/strip-ansi/-/strip-ansi-6.0.0.tgz",
          "integrity": "sha1-CxVx3XZpzNTz4G4U7x7tJiJa5TI=",
          "requires": {
            "ansi-regex": "^5.0.0"
          }
        }
      }
    },
    "cli-width": {
      "version": "2.2.1",
      "resolved": "https://registry.npmjs.org/cli-width/-/cli-width-2.2.1.tgz",
      "integrity": "sha512-GRMWDxpOB6Dgk2E5Uo+3eEBvtOOlimMmpbFiKuLFnQzYDavtLFY3K5ona41jgN/WdRZtG7utuVSVTL4HbZHGkw=="
    },
    "cliui": {
      "version": "6.0.0",
      "resolved": "http://npm.cmbi.info:80/cliui/-/cliui-6.0.0.tgz",
      "integrity": "sha1-UR1wLAxOQcoVbX0OlgIfI+EyJbE=",
      "requires": {
        "string-width": "^4.2.0",
        "strip-ansi": "^6.0.0",
        "wrap-ansi": "^6.2.0"
      },
      "dependencies": {
        "ansi-regex": {
          "version": "5.0.0",
          "resolved": "http://npm.cmbi.info:80/ansi-regex/-/ansi-regex-5.0.0.tgz",
          "integrity": "sha1-OIU59VF5vzkznIGvMKZU1p+Hy3U="
        },
        "emoji-regex": {
          "version": "8.0.0",
          "resolved": "http://npm.cmbi.info:80/emoji-regex/-/emoji-regex-8.0.0.tgz",
          "integrity": "sha1-6Bj9ac5cz8tARZT4QpY79TFkzDc="
        },
        "is-fullwidth-code-point": {
          "version": "3.0.0",
          "resolved": "http://npm.cmbi.info:80/is-fullwidth-code-point/-/is-fullwidth-code-point-3.0.0.tgz",
          "integrity": "sha1-8Rb4Bk/pCz94RKOJl8C3UFEmnx0="
        },
        "string-width": {
          "version": "4.2.0",
          "resolved": "http://npm.cmbi.info:80/string-width/-/string-width-4.2.0.tgz",
          "integrity": "sha1-lSGCxGzHssMT0VluYjmSvRY7crU=",
          "requires": {
            "emoji-regex": "^8.0.0",
            "is-fullwidth-code-point": "^3.0.0",
            "strip-ansi": "^6.0.0"
          }
        },
        "strip-ansi": {
          "version": "6.0.0",
          "resolved": "http://npm.cmbi.info:80/strip-ansi/-/strip-ansi-6.0.0.tgz",
          "integrity": "sha1-CxVx3XZpzNTz4G4U7x7tJiJa5TI=",
          "requires": {
            "ansi-regex": "^5.0.0"
          }
        },
        "wrap-ansi": {
          "version": "6.2.0",
          "resolved": "http://npm.cmbi.info:80/wrap-ansi/-/wrap-ansi-6.2.0.tgz",
          "integrity": "sha1-6Tk7oHEC5skaOyIUePAlfNKFblM=",
          "requires": {
            "ansi-styles": "^4.0.0",
            "string-width": "^4.1.0",
            "strip-ansi": "^6.0.0"
          }
        }
      }
    },
    "clone": {
      "version": "1.0.4",
      "resolved": "https://registry.npmjs.org/clone/-/clone-1.0.4.tgz",
      "integrity": "sha1-2jCcwmPfFZlMaIypAheco8fNfH4="
    },
    "color-convert": {
      "version": "2.0.1",
      "resolved": "https://registry.npmjs.org/color-convert/-/color-convert-2.0.1.tgz",
      "integrity": "sha512-RRECPsj7iu/xb5oKYcsFHSppFNnsj/52OVTRKb4zP5onXwVF3zVmmToNcOfGC+CRDpfK/U584fMg38ZHCaElKQ==",
      "requires": {
        "color-name": "~1.1.4"
      }
    },
    "color-name": {
      "version": "1.1.4",
      "resolved": "https://registry.npmjs.org/color-name/-/color-name-1.1.4.tgz",
      "integrity": "sha512-dOy+3AuW3a2wNbZHIuMZpTcgjGuLU/uBL/ubcZF9OXbDo8ff4O8yVp5Bf0efS8uEoYo5q4Fx7dY9OgQGXgAsQA=="
    },
    "colors": {
      "version": "1.4.0",
      "resolved": "http://npm.cmbi.info:80/colors/-/colors-1.4.0.tgz",
      "integrity": "sha1-xQSRR51MG9rtLJztMs98fcI2D3g=",
      "optional": true
    },
    "commander": {
      "version": "5.1.0",
      "resolved": "http://npm.cmbi.info:80/commander/-/commander-5.1.0.tgz",
      "integrity": "sha1-Rqu9FlL44Fm92u+Zu9yyrZzxea4="
    },
    "compose-function": {
      "version": "3.0.3",
      "resolved": "https://registry.npmjs.org/compose-function/-/compose-function-3.0.3.tgz",
      "integrity": "sha1-ntZ18TzFRQHTCVCkhv9qe6OrGF8=",
      "requires": {
        "arity-n": "^1.0.4"
      }
    },
    "concat-stream": {
      "version": "2.0.0",
      "resolved": "http://npm.cmbi.info:80/concat-stream/-/concat-stream-2.0.0.tgz",
      "integrity": "sha1-QUz1r3kKSMYKub5FJ9VtXkETPLE=",
      "requires": {
        "buffer-from": "^1.0.0",
        "inherits": "^2.0.3",
        "readable-stream": "^3.0.2",
        "typedarray": "^0.0.6"
      }
    },
    "dayjs": {
      "version": "1.8.25",
      "resolved": "https://registry.npmjs.org/dayjs/-/dayjs-1.8.25.tgz",
      "integrity": "sha512-Pk36juDfQQGDCgr0Lqd1kw15w3OS6xt21JaLPE3lCfsEf8KrERGwDNwvK1tRjrjqFC0uZBJncT4smZQ4F+uV5g=="
    },
    "decamelize": {
      "version": "1.2.0",
      "resolved": "https://registry.npmjs.org/decamelize/-/decamelize-1.2.0.tgz",
      "integrity": "sha1-9lNNFRSCabIDUue+4m9QH5oZEpA="
    },
    "defaults": {
      "version": "1.0.3",
      "resolved": "https://registry.npmjs.org/defaults/-/defaults-1.0.3.tgz",
      "integrity": "sha1-xlYFHpgX2f8I7YgUd/P+QBnz730=",
      "requires": {
        "clone": "^1.0.2"
      }
    },
    "emoji-regex": {
      "version": "7.0.3",
      "resolved": "http://npm.cmbi.info:80/emoji-regex/-/emoji-regex-7.0.3.tgz",
      "integrity": "sha1-kzoEBShgyF6DwSJHnEdIqOTHIVY="
    },
    "escape-string-regexp": {
      "version": "1.0.5",
      "resolved": "https://registry.npmjs.org/escape-string-regexp/-/escape-string-regexp-1.0.5.tgz",
      "integrity": "sha1-G2HAViGQqN/2rjuyzwIAyhMLhtQ="
    },
    "external-editor": {
      "version": "3.1.0",
      "resolved": "https://registry.npmjs.org/external-editor/-/external-editor-3.1.0.tgz",
      "integrity": "sha512-hMQ4CX1p1izmuLYyZqLMO/qGNw10wSv9QDCPfzXfyFrOaCSSoRfqE1Kf1s5an66J5JZC62NewG+mK49jOCtQew==",
      "requires": {
        "chardet": "^0.7.0",
        "iconv-lite": "^0.4.24",
        "tmp": "^0.0.33"
      }
    },
    "fieldset": {
      "version": "github:horosgrisa/fieldset#c4edde7878975a33e927a8708fb8a8b692edbd5e",
      "from": "github:horosgrisa/fieldset",
      "requires": {
        "ansi-align": "^3.0.0",
        "camelcase": "^5.3.1",
        "chalk": "^2.4.2",
        "cli-boxes": "^2.2.0",
        "string-width": "^4.1.0",
        "term-size": "^2.1.0",
        "type-fest": "^0.6.0",
        "widest-line": "^3.1.0"
      },
      "dependencies": {
        "ansi-regex": {
          "version": "5.0.0",
          "resolved": "http://npm.cmbi.info:80/ansi-regex/-/ansi-regex-5.0.0.tgz",
          "integrity": "sha1-OIU59VF5vzkznIGvMKZU1p+Hy3U="
        },
        "ansi-styles": {
          "version": "3.2.1",
          "resolved": "http://npm.cmbi.info:80/ansi-styles/-/ansi-styles-3.2.1.tgz",
          "integrity": "sha1-QfuyAkPlCxK+DwS43tvwdSDOhB0=",
          "requires": {
            "color-convert": "^1.9.0"
          }
        },
        "chalk": {
          "version": "2.4.2",
          "resolved": "http://npm.cmbi.info:80/chalk/-/chalk-2.4.2.tgz",
          "integrity": "sha1-zUJUFnelQzPPVBpJEIwUMrRMlCQ=",
          "requires": {
            "ansi-styles": "^3.2.1",
            "escape-string-regexp": "^1.0.5",
            "supports-color": "^5.3.0"
          }
        },
        "color-convert": {
          "version": "1.9.3",
          "resolved": "http://npm.cmbi.info:80/color-convert/-/color-convert-1.9.3.tgz",
          "integrity": "sha1-u3GFBpDh8TZWfeYp0tVHHe2kweg=",
          "requires": {
            "color-name": "1.1.3"
          }
        },
        "color-name": {
          "version": "1.1.3",
          "resolved": "http://npm.cmbi.info:80/color-name/-/color-name-1.1.3.tgz",
          "integrity": "sha1-p9BVi9icQveV3UIyj3QIMcpTvCU="
        },
        "emoji-regex": {
          "version": "8.0.0",
          "resolved": "http://npm.cmbi.info:80/emoji-regex/-/emoji-regex-8.0.0.tgz",
          "integrity": "sha1-6Bj9ac5cz8tARZT4QpY79TFkzDc="
        },
        "has-flag": {
          "version": "3.0.0",
          "resolved": "http://npm.cmbi.info:80/has-flag/-/has-flag-3.0.0.tgz",
          "integrity": "sha1-tdRU3CGZriJWmfNGfloH87lVuv0="
        },
        "is-fullwidth-code-point": {
          "version": "3.0.0",
          "resolved": "http://npm.cmbi.info:80/is-fullwidth-code-point/-/is-fullwidth-code-point-3.0.0.tgz",
          "integrity": "sha1-8Rb4Bk/pCz94RKOJl8C3UFEmnx0="
        },
        "string-width": {
          "version": "4.2.0",
          "resolved": "http://npm.cmbi.info:80/string-width/-/string-width-4.2.0.tgz",
          "integrity": "sha1-lSGCxGzHssMT0VluYjmSvRY7crU=",
          "requires": {
            "emoji-regex": "^8.0.0",
            "is-fullwidth-code-point": "^3.0.0",
            "strip-ansi": "^6.0.0"
          }
        },
        "strip-ansi": {
          "version": "6.0.0",
          "resolved": "http://npm.cmbi.info:80/strip-ansi/-/strip-ansi-6.0.0.tgz",
          "integrity": "sha1-CxVx3XZpzNTz4G4U7x7tJiJa5TI=",
          "requires": {
            "ansi-regex": "^5.0.0"
          }
        },
        "supports-color": {
          "version": "5.5.0",
          "resolved": "http://npm.cmbi.info:80/supports-color/-/supports-color-5.5.0.tgz",
          "integrity": "sha1-4uaaRKyHcveKHsCzW2id9lMO/I8=",
          "requires": {
            "has-flag": "^3.0.0"
          }
        },
        "type-fest": {
          "version": "0.6.0",
          "resolved": "http://npm.cmbi.info:80/type-fest/-/type-fest-0.6.0.tgz",
          "integrity": "sha1-jSojcNPfiG61yQraHFv2GIrPg4s="
        }
      }
    },
    "figures": {
      "version": "3.2.0",
      "resolved": "https://registry.npmjs.org/figures/-/figures-3.2.0.tgz",
      "integrity": "sha512-yaduQFRKLXYOGgEn6AZau90j3ggSOyiqXU0F9JZfeXYhNa+Jk4X+s45A2zg5jns87GAFa34BBm2kXw4XpNcbdg==",
      "requires": {
        "escape-string-regexp": "^1.0.5"
      }
    },
    "find-up": {
      "version": "4.1.0",
      "resolved": "http://npm.cmbi.info:80/find-up/-/find-up-4.1.0.tgz",
      "integrity": "sha1-l6/n1s3AvFkoWEt8jXsW6KmqXRk=",
      "requires": {
        "locate-path": "^5.0.0",
        "path-exists": "^4.0.0"
      }
    },
    "fs-extra": {
      "version": "9.0.0",
      "resolved": "https://registry.npmjs.org/fs-extra/-/fs-extra-9.0.0.tgz",
      "integrity": "sha512-pmEYSk3vYsG/bF651KPUXZ+hvjpgWYw/Gc7W9NFUe3ZVLczKKWIij3IKpOrQcdw4TILtibFslZ0UmR8Vvzig4g==",
      "requires": {
        "at-least-node": "^1.0.0",
        "graceful-fs": "^4.2.0",
        "jsonfile": "^6.0.1",
        "universalify": "^1.0.0"
      }
    },
    "get-caller-file": {
      "version": "2.0.5",
      "resolved": "http://npm.cmbi.info:80/get-caller-file/-/get-caller-file-2.0.5.tgz",
      "integrity": "sha1-T5RBKoLbMvNuOwuXQfipf+sDH34="
    },
    "graceful-fs": {
      "version": "4.2.3",
      "resolved": "https://registry.npmjs.org/graceful-fs/-/graceful-fs-4.2.3.tgz",
      "integrity": "sha512-a30VEBm4PEdx1dRB7MFK7BejejvCvBronbLjht+sHuGYj8PHs7M/5Z+rt5lw551vZ7yfTCj4Vuyy3mSJytDWRQ=="
    },
    "has-flag": {
      "version": "4.0.0",
      "resolved": "https://registry.npmjs.org/has-flag/-/has-flag-4.0.0.tgz",
      "integrity": "sha512-EykJT/Q1KjTWctppgIAgfSO0tKVuZUjhgMr17kqTumMl6Afv3EISleU7qZUzoXDFTAHTDC4NOoG/ZxU3EvlMPQ=="
    },
    "he": {
      "version": "1.2.0",
      "resolved": "http://npm.cmbi.info:80/he/-/he-1.2.0.tgz",
      "integrity": "sha1-hK5l+n6vsWX922FWauFLrwVmTw8="
    },
    "highlight.js": {
      "version": "9.18.1",
      "resolved": "http://npm.cmbi.info:80/highlight.js/-/highlight.js-9.18.1.tgz",
      "integrity": "sha1-7SGqAB/mJSuxCj121HVzxlOf4Tw="
    },
    "iconv-lite": {
      "version": "0.4.24",
      "resolved": "https://registry.npmjs.org/iconv-lite/-/iconv-lite-0.4.24.tgz",
      "integrity": "sha512-v3MXnZAcvnywkTUEZomIActle7RXXeedOR31wwl7VlyoXO4Qi9arvSenNQWne1TcRwhCL1HwLI21bEqdpj8/rA==",
      "requires": {
        "safer-buffer": ">= 2.1.2 < 3"
      }
    },
    "inherits": {
      "version": "2.0.4",
      "resolved": "http://npm.cmbi.info:80/inherits/-/inherits-2.0.4.tgz",
      "integrity": "sha1-D6LGT5MpF8NDOg3tVTY6rjdBa3w="
    },
    "inquirer": {
      "version": "7.1.0",
      "resolved": "https://registry.npmjs.org/inquirer/-/inquirer-7.1.0.tgz",
      "integrity": "sha512-5fJMWEmikSYu0nv/flMc475MhGbB7TSPd/2IpFV4I4rMklboCH2rQjYY5kKiYGHqUF9gvaambupcJFFG9dvReg==",
      "requires": {
        "ansi-escapes": "^4.2.1",
        "chalk": "^3.0.0",
        "cli-cursor": "^3.1.0",
        "cli-width": "^2.0.0",
        "external-editor": "^3.0.3",
        "figures": "^3.0.0",
        "lodash": "^4.17.15",
        "mute-stream": "0.0.8",
        "run-async": "^2.4.0",
        "rxjs": "^6.5.3",
        "string-width": "^4.1.0",
        "strip-ansi": "^6.0.0",
        "through": "^2.3.6"
      },
      "dependencies": {
        "ansi-regex": {
          "version": "5.0.0",
          "resolved": "https://registry.npmjs.org/ansi-regex/-/ansi-regex-5.0.0.tgz",
          "integrity": "sha512-bY6fj56OUQ0hU1KjFNDQuJFezqKdrAyFdIevADiqrWHwSlbmBNMHp5ak2f40Pm8JTFyM2mqxkG6ngkHO11f/lg=="
        },
        "chalk": {
          "version": "3.0.0",
          "resolved": "https://registry.npmjs.org/chalk/-/chalk-3.0.0.tgz",
          "integrity": "sha512-4D3B6Wf41KOYRFdszmDqMCGq5VV/uMAB273JILmO+3jAlh8X4qDtdtgCR3fxtbLEMzSx22QdhnDcJvu2u1fVwg==",
          "requires": {
            "ansi-styles": "^4.1.0",
            "supports-color": "^7.1.0"
          }
        },
        "emoji-regex": {
          "version": "8.0.0",
          "resolved": "https://registry.npmjs.org/emoji-regex/-/emoji-regex-8.0.0.tgz",
          "integrity": "sha512-MSjYzcWNOA0ewAHpz0MxpYFvwg6yjy1NG3xteoqz644VCo/RPgnr1/GGt+ic3iJTzQ8Eu3TdM14SawnVUmGE6A=="
        },
        "is-fullwidth-code-point": {
          "version": "3.0.0",
          "resolved": "https://registry.npmjs.org/is-fullwidth-code-point/-/is-fullwidth-code-point-3.0.0.tgz",
          "integrity": "sha512-zymm5+u+sCsSWyD9qNaejV3DFvhCKclKdizYaJUuHA83RLjb7nSuGnddCHGv0hk+KY7BMAlsWeK4Ueg6EV6XQg=="
        },
        "string-width": {
          "version": "4.2.0",
          "resolved": "https://registry.npmjs.org/string-width/-/string-width-4.2.0.tgz",
          "integrity": "sha512-zUz5JD+tgqtuDjMhwIg5uFVV3dtqZ9yQJlZVfq4I01/K5Paj5UHj7VyrQOJvzawSVlKpObApbfD0Ed6yJc+1eg==",
          "requires": {
            "emoji-regex": "^8.0.0",
            "is-fullwidth-code-point": "^3.0.0",
            "strip-ansi": "^6.0.0"
          }
        },
        "strip-ansi": {
          "version": "6.0.0",
          "resolved": "https://registry.npmjs.org/strip-ansi/-/strip-ansi-6.0.0.tgz",
          "integrity": "sha512-AuvKTrTfQNYNIctbR1K/YGTR1756GycPsg7b9bdV9Duqur4gv6aKqHXah67Z8ImS7WEz5QVcOtlfW2rZEugt6w==",
          "requires": {
            "ansi-regex": "^5.0.0"
          }
        }
      }
    },
    "is-fullwidth-code-point": {
      "version": "2.0.0",
      "resolved": "https://registry.npmjs.org/is-fullwidth-code-point/-/is-fullwidth-code-point-2.0.0.tgz",
      "integrity": "sha1-o7MKXE8ZkYMWeqq5O+764937ZU8="
    },
    "is-interactive": {
      "version": "1.0.0",
      "resolved": "https://registry.npmjs.org/is-interactive/-/is-interactive-1.0.0.tgz",
      "integrity": "sha512-2HvIEKRoqS62guEC+qBjpvRubdX910WCMuJTZ+I9yvqKU2/12eSL549HMwtabb4oupdj2sMP50k+XJfB/8JE6w=="
    },
    "is-promise": {
      "version": "2.1.0",
      "resolved": "https://registry.npmjs.org/is-promise/-/is-promise-2.1.0.tgz",
      "integrity": "sha1-eaKp7OfwlugPNtKy87wWwf9L8/o="
    },
    "jsonfile": {
      "version": "6.0.1",
      "resolved": "https://registry.npmjs.org/jsonfile/-/jsonfile-6.0.1.tgz",
      "integrity": "sha512-jR2b5v7d2vIOust+w3wtFKZIfpC2pnRmFAhAC/BuweZFQR8qZzxH1OyrQ10HmdVYiXWkYUqPVsz91cG7EL2FBg==",
      "requires": {
        "graceful-fs": "^4.1.6",
        "universalify": "^1.0.0"
      }
    },
    "languages-aliases": {
      "version": "2.0.5",
      "resolved": "http://npm.cmbi.info:80/languages-aliases/-/languages-aliases-2.0.5.tgz",
      "integrity": "sha1-7ynTdyKxy7vUe7pqw5RnRoW9QUo="
    },
    "locate-path": {
      "version": "5.0.0",
      "resolved": "http://npm.cmbi.info:80/locate-path/-/locate-path-5.0.0.tgz",
      "integrity": "sha1-Gvujlq/WdqbUJQTQpno6frn2KqA=",
      "requires": {
        "p-locate": "^4.1.0"
      }
    },
    "lodash": {
      "version": "4.17.15",
      "resolved": "https://registry.npmjs.org/lodash/-/lodash-4.17.15.tgz",
      "integrity": "sha512-8xOcRHvCjnocdS5cpwXQXVzmmh5e5+saE2QGoeQmbKmRS6J3VQppPOIt0MnmE+4xlZoumy0GPG0D0MVIQbNA1A=="
    },
    "log-symbols": {
      "version": "3.0.0",
      "resolved": "https://registry.npmjs.org/log-symbols/-/log-symbols-3.0.0.tgz",
      "integrity": "sha512-dSkNGuI7iG3mfvDzUuYZyvk5dD9ocYCYzNU6CYDE6+Xqd+gwme6Z00NS3dUh8mq/73HaEtT7m6W+yUPtU6BZnQ==",
      "requires": {
        "chalk": "^2.4.2"
      },
      "dependencies": {
        "ansi-styles": {
          "version": "3.2.1",
          "resolved": "https://registry.npmjs.org/ansi-styles/-/ansi-styles-3.2.1.tgz",
          "integrity": "sha512-VT0ZI6kZRdTh8YyJw3SMbYm/u+NqfsAxEpWO0Pf9sq8/e94WxxOpPKx9FR1FlyCtOVDNOQ+8ntlqFxiRc+r5qA==",
          "requires": {
            "color-convert": "^1.9.0"
          }
        },
        "chalk": {
          "version": "2.4.2",
          "resolved": "https://registry.npmjs.org/chalk/-/chalk-2.4.2.tgz",
          "integrity": "sha512-Mti+f9lpJNcwF4tWV8/OrTTtF1gZi+f8FqlyAdouralcFWFQWF2+NgCHShjkCb+IFBLq9buZwE1xckQU4peSuQ==",
          "requires": {
            "ansi-styles": "^3.2.1",
            "escape-string-regexp": "^1.0.5",
            "supports-color": "^5.3.0"
          }
        },
        "color-convert": {
          "version": "1.9.3",
          "resolved": "https://registry.npmjs.org/color-convert/-/color-convert-1.9.3.tgz",
          "integrity": "sha512-QfAUtd+vFdAtFQcC8CCyYt1fYWxSqAiK2cSD6zDB8N3cpsEBAvRxp9zOGg6G/SHHJYAT88/az/IuDGALsNVbGg==",
          "requires": {
            "color-name": "1.1.3"
          }
        },
        "color-name": {
          "version": "1.1.3",
          "resolved": "https://registry.npmjs.org/color-name/-/color-name-1.1.3.tgz",
          "integrity": "sha1-p9BVi9icQveV3UIyj3QIMcpTvCU="
        },
        "has-flag": {
          "version": "3.0.0",
          "resolved": "https://registry.npmjs.org/has-flag/-/has-flag-3.0.0.tgz",
          "integrity": "sha1-tdRU3CGZriJWmfNGfloH87lVuv0="
        },
        "supports-color": {
          "version": "5.5.0",
          "resolved": "https://registry.npmjs.org/supports-color/-/supports-color-5.5.0.tgz",
          "integrity": "sha512-QjVjwdXIt408MIiAqCX4oUKsgU2EqAGzs2Ppkm4aQYbjm+ZEWEcW4SfFNTr4uMNZma0ey4f5lgLrkB0aX0QMow==",
          "requires": {
            "has-flag": "^3.0.0"
          }
        }
      }
    },
    "longest-line": {
      "version": "0.0.3",
      "resolved": "https://registry.npmjs.org/longest-line/-/longest-line-0.0.3.tgz",
      "integrity": "sha1-6iUaYcrKCIpQt4L3VOZrfZ/1Ehw=",
      "requires": {
        "strip-ansi": "^3.0.0"
      },
      "dependencies": {
        "ansi-regex": {
          "version": "2.1.1",
          "resolved": "https://registry.npmjs.org/ansi-regex/-/ansi-regex-2.1.1.tgz",
          "integrity": "sha1-w7M6te42DYbg5ijwRorn7yfWVN8="
        },
        "strip-ansi": {
          "version": "3.0.1",
          "resolved": "https://registry.npmjs.org/strip-ansi/-/strip-ansi-3.0.1.tgz",
          "integrity": "sha1-ajhfuIU9lS1f8F0Oiq+UJ43GPc8=",
          "requires": {
            "ansi-regex": "^2.0.0"
          }
        }
      }
    },
    "mimic-fn": {
      "version": "2.1.0",
      "resolved": "https://registry.npmjs.org/mimic-fn/-/mimic-fn-2.1.0.tgz",
      "integrity": "sha512-OqbOk5oEQeAZ8WXWydlu9HJjz9WVdEIvamMCcXmuqUYjTknH/sqsWvhQ3vgwKFRR1HpjvNBKQ37nbJgYzGqGcg=="
    },
    "mute-stream": {
      "version": "0.0.8",
      "resolved": "https://registry.npmjs.org/mute-stream/-/mute-stream-0.0.8.tgz",
      "integrity": "sha512-nnbWWOkoWyUsTjKrhgD0dcz22mdkSnpYqbEjIm2nhwhuxlSkpywJmBo8h0ZqJdkp73mb90SssHkN4rsRaBAfAA=="
    },
    "mz": {
      "version": "2.7.0",
      "resolved": "http://npm.cmbi.info:80/mz/-/mz-2.7.0.tgz",
      "integrity": "sha1-lQCAV6Vsr63CvGPd5/n/aVWUjjI=",
      "requires": {
        "any-promise": "^1.0.0",
        "object-assign": "^4.0.1",
        "thenify-all": "^1.0.0"
      }
    },
    "normalize-html-whitespace": {
      "version": "1.0.0",
      "resolved": "http://npm.cmbi.info:80/normalize-html-whitespace/-/normalize-html-whitespace-1.0.0.tgz",
      "integrity": "sha1-XjyOGS8bBsO57uS35/KIVMdgHjQ="
    },
    "number-to-alphabet": {
      "version": "1.0.0",
      "resolved": "http://npm.cmbi.info:80/number-to-alphabet/-/number-to-alphabet-1.0.0.tgz",
      "integrity": "sha1-NpiiGs3CWam6vsHbyZ/zNq1kRjg="
    },
    "object-assign": {
      "version": "4.1.1",
      "resolved": "https://registry.npmjs.org/object-assign/-/object-assign-4.1.1.tgz",
      "integrity": "sha1-IQmtx5ZYh8/AXLvUQsrIv7s2CGM="
    },
    "onetime": {
      "version": "5.1.0",
      "resolved": "https://registry.npmjs.org/onetime/-/onetime-5.1.0.tgz",
      "integrity": "sha512-5NcSkPHhwTVFIQN+TUqXoS5+dlElHXdpAWu9I0HP20YOtIi+aZ0Ct82jdlILDxjLEAWwvm+qj1m6aEtsDVmm6Q==",
      "requires": {
        "mimic-fn": "^2.1.0"
      }
    },
    "ora": {
      "version": "4.0.4",
      "resolved": "https://registry.npmjs.org/ora/-/ora-4.0.4.tgz",
      "integrity": "sha512-77iGeVU1cIdRhgFzCK8aw1fbtT1B/iZAvWjS+l/o1x0RShMgxHUZaD2yDpWsNCPwXg9z1ZA78Kbdvr8kBmG/Ww==",
      "requires": {
        "chalk": "^3.0.0",
        "cli-cursor": "^3.1.0",
        "cli-spinners": "^2.2.0",
        "is-interactive": "^1.0.0",
        "log-symbols": "^3.0.0",
        "mute-stream": "0.0.8",
        "strip-ansi": "^6.0.0",
        "wcwidth": "^1.0.1"
      },
      "dependencies": {
        "ansi-regex": {
          "version": "5.0.0",
          "resolved": "https://registry.npmjs.org/ansi-regex/-/ansi-regex-5.0.0.tgz",
          "integrity": "sha512-bY6fj56OUQ0hU1KjFNDQuJFezqKdrAyFdIevADiqrWHwSlbmBNMHp5ak2f40Pm8JTFyM2mqxkG6ngkHO11f/lg=="
        },
        "chalk": {
          "version": "3.0.0",
          "resolved": "https://registry.npmjs.org/chalk/-/chalk-3.0.0.tgz",
          "integrity": "sha512-4D3B6Wf41KOYRFdszmDqMCGq5VV/uMAB273JILmO+3jAlh8X4qDtdtgCR3fxtbLEMzSx22QdhnDcJvu2u1fVwg==",
          "requires": {
            "ansi-styles": "^4.1.0",
            "supports-color": "^7.1.0"
          }
        },
        "strip-ansi": {
          "version": "6.0.0",
          "resolved": "https://registry.npmjs.org/strip-ansi/-/strip-ansi-6.0.0.tgz",
          "integrity": "sha512-AuvKTrTfQNYNIctbR1K/YGTR1756GycPsg7b9bdV9Duqur4gv6aKqHXah67Z8ImS7WEz5QVcOtlfW2rZEugt6w==",
          "requires": {
            "ansi-regex": "^5.0.0"
          }
        }
      }
    },
    "os-tmpdir": {
      "version": "1.0.2",
      "resolved": "https://registry.npmjs.org/os-tmpdir/-/os-tmpdir-1.0.2.tgz",
      "integrity": "sha1-u+Z0BseaqFxc/sdm/lc0VV36EnQ="
    },
    "p-limit": {
      "version": "2.3.0",
      "resolved": "http://npm.cmbi.info:80/p-limit/-/p-limit-2.3.0.tgz",
      "integrity": "sha1-PdM8ZHohT9//2DWTPrCG2g3CHbE=",
      "requires": {
        "p-try": "^2.0.0"
      }
    },
    "p-locate": {
      "version": "4.1.0",
      "resolved": "http://npm.cmbi.info:80/p-locate/-/p-locate-4.1.0.tgz",
      "integrity": "sha1-o0KLtwiLOmApL2aRkni3wpetTwc=",
      "requires": {
        "p-limit": "^2.2.0"
      }
    },
    "p-try": {
      "version": "2.2.0",
      "resolved": "http://npm.cmbi.info:80/p-try/-/p-try-2.2.0.tgz",
      "integrity": "sha1-yyhoVA4xPWHeWPr741zpAE1VQOY="
    },
    "parse5": {
      "version": "6.0.0",
      "resolved": "http://npm.cmbi.info:80/parse5/-/parse5-6.0.0.tgz",
      "integrity": "sha1-0qw0SCichLSZR9SaOfe+9iAPpro="
    },
    "parse5-htmlparser2-tree-adapter": {
      "version": "5.1.1",
      "resolved": "http://npm.cmbi.info:80/parse5-htmlparser2-tree-adapter/-/parse5-htmlparser2-tree-adapter-5.1.1.tgz",
      "integrity": "sha1-6MdD1OkhlNUpPs3isIvjHmdGHLw=",
      "requires": {
        "parse5": "^5.1.1"
      },
      "dependencies": {
        "parse5": {
          "version": "5.1.1",
          "resolved": "http://npm.cmbi.info:80/parse5/-/parse5-5.1.1.tgz",
          "integrity": "sha1-9o5OW6GFKsLK3AD0VV//bCq7YXg="
        }
      }
    },
    "path-exists": {
      "version": "4.0.0",
      "resolved": "http://npm.cmbi.info:80/path-exists/-/path-exists-4.0.0.tgz",
      "integrity": "sha1-UTvb4tO5XXdi6METfvoZXGxhtbM="
    },
    "readable-stream": {
      "version": "3.6.0",
      "resolved": "http://npm.cmbi.info:80/readable-stream/-/readable-stream-3.6.0.tgz",
      "integrity": "sha1-M3u9o63AcGvT4CRCaihtS0sskZg=",
      "requires": {
        "inherits": "^2.0.3",
        "string_decoder": "^1.1.1",
        "util-deprecate": "^1.0.1"
      }
    },
    "repeat-string": {
      "version": "1.6.1",
      "resolved": "https://registry.npmjs.org/repeat-string/-/repeat-string-1.6.1.tgz",
      "integrity": "sha1-jcrkcOHIirwtYA//Sndihtp15jc="
    },
    "require-directory": {
      "version": "2.1.1",
      "resolved": "https://registry.npmjs.org/require-directory/-/require-directory-2.1.1.tgz",
      "integrity": "sha1-jGStX9MNqxyXbiNE/+f3kqam30I="
    },
    "require-main-filename": {
      "version": "2.0.0",
      "resolved": "http://npm.cmbi.info:80/require-main-filename/-/require-main-filename-2.0.0.tgz",
      "integrity": "sha1-0LMp7MfMD2Fkn2IhW+aa9UqomJs="
    },
    "restore-cursor": {
      "version": "3.1.0",
      "resolved": "https://registry.npmjs.org/restore-cursor/-/restore-cursor-3.1.0.tgz",
      "integrity": "sha512-l+sSefzHpj5qimhFSE5a8nufZYAM3sBSVMAPtYkmC+4EH2anSGaEMXSD0izRQbu9nfyQ9y5JrVmp7E8oZrUjvA==",
      "requires": {
        "onetime": "^5.1.0",
        "signal-exit": "^3.0.2"
      }
    },
    "romanize": {
      "version": "1.1.1",
      "resolved": "https://registry.npmjs.org/romanize/-/romanize-1.1.1.tgz",
      "integrity": "sha1-yVb6E4dkHINycDB3oAmc0bfXDBw=",
      "requires": {
        "repeat-string": "^1.6.1"
      }
    },
    "run-async": {
      "version": "2.4.0",
      "resolved": "https://registry.npmjs.org/run-async/-/run-async-2.4.0.tgz",
      "integrity": "sha512-xJTbh/d7Lm7SBhc1tNvTpeCHaEzoyxPrqNlvSdMfBTYwaY++UJFyXUOxAtsRUXjlqOfj8luNaR9vjCh4KeV+pg==",
      "requires": {
        "is-promise": "^2.1.0"
      }
    },
    "rxjs": {
      "version": "6.5.5",
      "resolved": "https://registry.npmjs.org/rxjs/-/rxjs-6.5.5.tgz",
      "integrity": "sha512-WfQI+1gohdf0Dai/Bbmk5L5ItH5tYqm3ki2c5GdWhKjalzjg93N3avFjVStyZZz+A2Em+ZxKH5bNghw9UeylGQ==",
      "requires": {
        "tslib": "^1.9.0"
      }
    },
    "safe-buffer": {
      "version": "5.2.0",
      "resolved": "http://npm.cmbi.info:80/safe-buffer/-/safe-buffer-5.2.0.tgz",
      "integrity": "sha1-t02uxJsRSPiMZLaNSbHoFcHy9Rk="
    },
    "safer-buffer": {
      "version": "2.1.2",
      "resolved": "https://registry.npmjs.org/safer-buffer/-/safer-buffer-2.1.2.tgz",
      "integrity": "sha512-YZo3K82SD7Riyi0E1EQPojLz7kpepnSQI9IyPbHHg1XXXevb5dJI7tpyN2ADxGcQbHG7vcyRHk0cbwqcQriUtg=="
    },
    "set-blocking": {
      "version": "2.0.0",
      "resolved": "https://registry.npmjs.org/set-blocking/-/set-blocking-2.0.0.tgz",
      "integrity": "sha1-BF+XgtARrppoA93TgrJDkrPYkPc="
    },
    "signal-exit": {
      "version": "3.0.3",
      "resolved": "https://registry.npmjs.org/signal-exit/-/signal-exit-3.0.3.tgz",
      "integrity": "sha512-VUJ49FC8U1OxwZLxIbTTrDvLnf/6TDgxZcK8wxR8zs13xpx7xbG60ndBlhNrFi2EMuFRoeDoJO7wthSLq42EjA=="
    },
    "string-width": {
      "version": "3.1.0",
      "resolved": "http://npm.cmbi.info:80/string-width/-/string-width-3.1.0.tgz",
      "integrity": "sha1-InZ74htirxCBV0MG9prFG2IgOWE=",
      "requires": {
        "emoji-regex": "^7.0.1",
        "is-fullwidth-code-point": "^2.0.0",
        "strip-ansi": "^5.1.0"
      }
    },
    "string_decoder": {
      "version": "1.3.0",
      "resolved": "http://npm.cmbi.info:80/string_decoder/-/string_decoder-1.3.0.tgz",
      "integrity": "sha1-QvEUWUpGzxqOMLCoT1bHjD7awh4=",
      "requires": {
        "safe-buffer": "~5.2.0"
      }
    },
    "strip-ansi": {
      "version": "5.2.0",
      "resolved": "http://npm.cmbi.info:80/strip-ansi/-/strip-ansi-5.2.0.tgz",
      "integrity": "sha1-jJpTb+tq/JYr36WxBKUJHBrZwK4=",
      "requires": {
        "ansi-regex": "^4.1.0"
      }
    },
    "supports-color": {
      "version": "7.1.0",
      "resolved": "https://registry.npmjs.org/supports-color/-/supports-color-7.1.0.tgz",
      "integrity": "sha512-oRSIpR8pxT1Wr2FquTNnGet79b3BWljqOuoW/h4oBhxJ/HUbX5nX6JSruTkvXDCFMwDPvsaTTbvMLKZWSy0R5g==",
      "requires": {
        "has-flag": "^4.0.0"
      }
    },
    "supports-hyperlinks": {
      "version": "2.1.0",
      "resolved": "http://npm.cmbi.info:80/supports-hyperlinks/-/supports-hyperlinks-2.1.0.tgz",
      "integrity": "sha1-9mPfJSr183xdSbvX7u+p4Lnlnkc=",
      "requires": {
        "has-flag": "^4.0.0",
        "supports-color": "^7.0.0"
      }
    },
    "term-size": {
      "version": "2.2.0",
      "resolved": "http://npm.cmbi.info:80/term-size/-/term-size-2.2.0.tgz",
      "integrity": "sha1-Hxat7f6b3BiADhd2ghc0CG/MZ1M="
    },
    "thenify": {
      "version": "3.3.0",
      "resolved": "https://registry.npmjs.org/thenify/-/thenify-3.3.0.tgz",
      "integrity": "sha1-5p44obq+lpsBCCB5eLn2K4hgSDk=",
      "requires": {
        "any-promise": "^1.0.0"
      }
    },
    "thenify-all": {
      "version": "1.6.0",
      "resolved": "https://registry.npmjs.org/thenify-all/-/thenify-all-1.6.0.tgz",
      "integrity": "sha1-GhkY1ALY/D+Y+/I02wvMjMEOlyY=",
      "requires": {
        "thenify": ">= 3.1.0 < 4"
      }
    },
    "through": {
      "version": "2.3.8",
      "resolved": "https://registry.npmjs.org/through/-/through-2.3.8.tgz",
      "integrity": "sha1-DdTJ/6q8NXlgsbckEV1+Doai4fU="
    },
    "tmp": {
      "version": "0.0.33",
      "resolved": "https://registry.npmjs.org/tmp/-/tmp-0.0.33.tgz",
      "integrity": "sha512-jRCJlojKnZ3addtTOjdIqoRuPEKBvNXcGYqzO6zWZX8KfKEpnGY5jfggJQ3EjKuu8D4bJRr0y+cYJFmYbImXGw==",
      "requires": {
        "os-tmpdir": "~1.0.2"
      }
    },
    "tslib": {
      "version": "1.11.1",
      "resolved": "https://registry.npmjs.org/tslib/-/tslib-1.11.1.tgz",
      "integrity": "sha512-aZW88SY8kQbU7gpV19lN24LtXh/yD4ZZg6qieAJDDg+YBsJcSmLGK9QpnUjAKVG/xefmvJGd1WUmfpT/g6AJGA=="
    },
    "type-fest": {
      "version": "0.11.0",
      "resolved": "https://registry.npmjs.org/type-fest/-/type-fest-0.11.0.tgz",
      "integrity": "sha512-OdjXJxnCN1AvyLSzeKIgXTXxV+99ZuXl3Hpo9XpJAv9MBcHrrJOQ5kV7ypXOuQie+AmWG25hLbiKdwYTifzcfQ=="
    },
    "typedarray": {
      "version": "0.0.6",
      "resolved": "https://registry.npmjs.org/typedarray/-/typedarray-0.0.6.tgz",
      "integrity": "sha1-hnrHTjhkGHsdPUfZlqeOxciDB3c="
    },
    "universalify": {
      "version": "1.0.0",
      "resolved": "https://registry.npmjs.org/universalify/-/universalify-1.0.0.tgz",
      "integrity": "sha512-rb6X1W158d7pRQBg5gkR8uPaSfiids68LTJQYOtEUhoJUWBdaQHsuT/EUduxXYxcrt4r5PJ4fuHW1MHT6p0qug=="
    },
    "util-deprecate": {
      "version": "1.0.2",
      "resolved": "https://registry.npmjs.org/util-deprecate/-/util-deprecate-1.0.2.tgz",
      "integrity": "sha1-RQ1Nyfpw3nMnYvvS1KKJgUGaDM8="
    },
    "wcwidth": {
      "version": "1.0.1",
      "resolved": "https://registry.npmjs.org/wcwidth/-/wcwidth-1.0.1.tgz",
      "integrity": "sha1-8LDc+RW8X/FSivrbLA4XtTLaL+g=",
      "requires": {
        "defaults": "^1.0.3"
      }
    },
    "which-module": {
      "version": "2.0.0",
      "resolved": "https://registry.npmjs.org/which-module/-/which-module-2.0.0.tgz",
      "integrity": "sha1-2e8H3Od7mQK4o6j6SzHD4/fm6Ho="
    },
    "widest-line": {
      "version": "3.1.0",
      "resolved": "http://npm.cmbi.info:80/widest-line/-/widest-line-3.1.0.tgz",
      "integrity": "sha1-gpIzO79my0X/DeFgOxNreuFJbso=",
      "requires": {
        "string-width": "^4.0.0"
      },
      "dependencies": {
        "ansi-regex": {
          "version": "5.0.0",
          "resolved": "http://npm.cmbi.info:80/ansi-regex/-/ansi-regex-5.0.0.tgz",
          "integrity": "sha1-OIU59VF5vzkznIGvMKZU1p+Hy3U="
        },
        "emoji-regex": {
          "version": "8.0.0",
          "resolved": "http://npm.cmbi.info:80/emoji-regex/-/emoji-regex-8.0.0.tgz",
          "integrity": "sha1-6Bj9ac5cz8tARZT4QpY79TFkzDc="
        },
        "is-fullwidth-code-point": {
          "version": "3.0.0",
          "resolved": "http://npm.cmbi.info:80/is-fullwidth-code-point/-/is-fullwidth-code-point-3.0.0.tgz",
          "integrity": "sha1-8Rb4Bk/pCz94RKOJl8C3UFEmnx0="
        },
        "string-width": {
          "version": "4.2.0",
          "resolved": "http://npm.cmbi.info:80/string-width/-/string-width-4.2.0.tgz",
          "integrity": "sha1-lSGCxGzHssMT0VluYjmSvRY7crU=",
          "requires": {
            "emoji-regex": "^8.0.0",
            "is-fullwidth-code-point": "^3.0.0",
            "strip-ansi": "^6.0.0"
          }
        },
        "strip-ansi": {
          "version": "6.0.0",
          "resolved": "http://npm.cmbi.info:80/strip-ansi/-/strip-ansi-6.0.0.tgz",
          "integrity": "sha1-CxVx3XZpzNTz4G4U7x7tJiJa5TI=",
          "requires": {
            "ansi-regex": "^5.0.0"
          }
        }
      }
    },
    "wrap-ansi": {
      "version": "7.0.0",
      "resolved": "http://npm.cmbi.info:80/wrap-ansi/-/wrap-ansi-7.0.0.tgz",
      "integrity": "sha1-Z+FFz/UQpqaYS98RUpEdadLrnkM=",
      "requires": {
        "ansi-styles": "^4.0.0",
        "string-width": "^4.1.0",
        "strip-ansi": "^6.0.0"
      },
      "dependencies": {
        "ansi-regex": {
          "version": "5.0.0",
          "resolved": "http://npm.cmbi.info:80/ansi-regex/-/ansi-regex-5.0.0.tgz",
          "integrity": "sha1-OIU59VF5vzkznIGvMKZU1p+Hy3U="
        },
        "emoji-regex": {
          "version": "8.0.0",
          "resolved": "http://npm.cmbi.info:80/emoji-regex/-/emoji-regex-8.0.0.tgz",
          "integrity": "sha1-6Bj9ac5cz8tARZT4QpY79TFkzDc="
        },
        "is-fullwidth-code-point": {
          "version": "3.0.0",
          "resolved": "http://npm.cmbi.info:80/is-fullwidth-code-point/-/is-fullwidth-code-point-3.0.0.tgz",
          "integrity": "sha1-8Rb4Bk/pCz94RKOJl8C3UFEmnx0="
        },
        "string-width": {
          "version": "4.2.0",
          "resolved": "http://npm.cmbi.info:80/string-width/-/string-width-4.2.0.tgz",
          "integrity": "sha1-lSGCxGzHssMT0VluYjmSvRY7crU=",
          "requires": {
            "emoji-regex": "^8.0.0",
            "is-fullwidth-code-point": "^3.0.0",
            "strip-ansi": "^6.0.0"
          }
        },
        "strip-ansi": {
          "version": "6.0.0",
          "resolved": "http://npm.cmbi.info:80/strip-ansi/-/strip-ansi-6.0.0.tgz",
          "integrity": "sha1-CxVx3XZpzNTz4G4U7x7tJiJa5TI=",
          "requires": {
            "ansi-regex": "^5.0.0"
          }
        }
      }
    },
    "y18n": {
      "version": "4.0.0",
      "resolved": "http://npm.cmbi.info:80/y18n/-/y18n-4.0.0.tgz",
      "integrity": "sha1-le+U+F7MgdAHwmThkKEg8KPIVms="
    },
    "yargs": {
      "version": "15.3.1",
      "resolved": "http://npm.cmbi.info:80/yargs/-/yargs-15.3.1.tgz",
      "integrity": "sha1-lQW0cnY5Y+VK/mAUitJ6MwgY6Ys=",
      "requires": {
        "cliui": "^6.0.0",
        "decamelize": "^1.2.0",
        "find-up": "^4.1.0",
        "get-caller-file": "^2.0.1",
        "require-directory": "^2.1.1",
        "require-main-filename": "^2.0.0",
        "set-blocking": "^2.0.0",
        "string-width": "^4.2.0",
        "which-module": "^2.0.0",
        "y18n": "^4.0.0",
        "yargs-parser": "^18.1.1"
      },
      "dependencies": {
        "ansi-regex": {
          "version": "5.0.0",
          "resolved": "http://npm.cmbi.info:80/ansi-regex/-/ansi-regex-5.0.0.tgz",
          "integrity": "sha1-OIU59VF5vzkznIGvMKZU1p+Hy3U="
        },
        "emoji-regex": {
          "version": "8.0.0",
          "resolved": "http://npm.cmbi.info:80/emoji-regex/-/emoji-regex-8.0.0.tgz",
          "integrity": "sha1-6Bj9ac5cz8tARZT4QpY79TFkzDc="
        },
        "is-fullwidth-code-point": {
          "version": "3.0.0",
          "resolved": "http://npm.cmbi.info:80/is-fullwidth-code-point/-/is-fullwidth-code-point-3.0.0.tgz",
          "integrity": "sha1-8Rb4Bk/pCz94RKOJl8C3UFEmnx0="
        },
        "string-width": {
          "version": "4.2.0",
          "resolved": "http://npm.cmbi.info:80/string-width/-/string-width-4.2.0.tgz",
          "integrity": "sha1-lSGCxGzHssMT0VluYjmSvRY7crU=",
          "requires": {
            "emoji-regex": "^8.0.0",
            "is-fullwidth-code-point": "^3.0.0",
            "strip-ansi": "^6.0.0"
          }
        },
        "strip-ansi": {
          "version": "6.0.0",
          "resolved": "http://npm.cmbi.info:80/strip-ansi/-/strip-ansi-6.0.0.tgz",
          "integrity": "sha1-CxVx3XZpzNTz4G4U7x7tJiJa5TI=",
          "requires": {
            "ansi-regex": "^5.0.0"
          }
        }
      }
    },
    "yargs-parser": {
      "version": "18.1.3",
      "resolved": "http://npm.cmbi.info:80/yargs-parser/-/yargs-parser-18.1.3.tgz",
      "integrity": "sha1-vmjEl1xrKr9GkjawyHA2L6sJp7A=",
      "requires": {
        "camelcase": "^5.0.0",
        "decamelize": "^1.2.0"
      }
    }
  }
}
